
Microsoft Visual Studio Solution File, Format Version 12.00
# Visual Studio Version 17
VisualStudioVersion = 17.6.33723.286
MinimumVisualStudioVersion = 10.0.40219.1
Project("{FAE04EC0-301F-11D3-BF4B-00C04F79EFBC}") = "trackingSimulator002", "trackingSimulator002\trackingSimulator002.csproj", "{A220F14D-7C92-4F86-BDD1-B2F32A6C5795}"
EndProject
Global
	GlobalSection(SolutionConfigurationPlatforms) = preSolution
		Debug|Any CPU = Debug|Any CPU
		Release|Any CPU = Release|Any CPU
	EndGlobalSection
	GlobalSection(ProjectConfigurationPlatforms) = postSolution
		{A220F14D-7C92-4F86-BDD1-B2F32A6C5795}.Debug|Any CPU.ActiveCfg = Debug|Any CPU
		{A220F14D-7C92-4F86-BDD1-B2F32A6C5795}.Debug|Any CPU.Build.0 = Debug|Any CPU
		{A220F14D-7C92-4F86-BDD1-B2F32A6C5795}.Release|Any CPU.ActiveCfg = Release|Any CPU
		{A220F14D-7C92-4F86-BDD1-B2F32A6C5795}.Release|Any CPU.Build.0 = Release|Any CPU
	EndGlobalSection
	GlobalSection(SolutionProperties) = preSolution
		HideSolutionNode = FALSE
	EndGlobalSection
	GlobalSection(ExtensibilityGlobals) = postSolution
		SolutionGuid = {35CB61F0-C814-4F5A-9CC1-802AC8EB2ECB}
	EndGlobalSection
EndGlobal
