
Microsoft Visual Studio Solution File, Format Version 12.00
# Visual Studio Version 17
VisualStudioVersion = 17.6.33723.286
MinimumVisualStudioVersion = 10.0.40219.1
Project("{FAE04EC0-301F-11D3-BF4B-00C04F79EFBC}") = "trackingSimulator001", "trackingSimulator001\trackingSimulator001.csproj", "{04242745-CDED-487B-9DDA-9AD9C9BF4894}"
EndProject
Global
	GlobalSection(SolutionConfigurationPlatforms) = preSolution
		Debug|Any CPU = Debug|Any CPU
		Release|Any CPU = Release|Any CPU
	EndGlobalSection
	GlobalSection(ProjectConfigurationPlatforms) = postSolution
		{04242745-CDED-487B-9DDA-9AD9C9BF4894}.Debug|Any CPU.ActiveCfg = Debug|Any CPU
		{04242745-CDED-487B-9DDA-9AD9C9BF4894}.Debug|Any CPU.Build.0 = Debug|Any CPU
		{04242745-CDED-487B-9DDA-9AD9C9BF4894}.Release|Any CPU.ActiveCfg = Release|Any CPU
		{04242745-CDED-487B-9DDA-9AD9C9BF4894}.Release|Any CPU.Build.0 = Release|Any CPU
	EndGlobalSection
	GlobalSection(SolutionProperties) = preSolution
		HideSolutionNode = FALSE
	EndGlobalSection
	GlobalSection(ExtensibilityGlobals) = postSolution
		SolutionGuid = {EDDA18BC-8074-40CB-85B0-05AFEE0C5A4A}
	EndGlobalSection
EndGlobal
